
Microsoft Visual Studio Solution File, Format Version 12.00
# Visual Studio Version 16
VisualStudioVersion = 16.0.30114.105
MinimumVisualStudioVersion = 10.0.40219.1
Project("{FAE04EC0-301F-11D3-BF4B-00C04F79EFBC}") = "API", "API\API.csproj", "{760B4A62-82A5-4B3F-8C5F-45E2F40C69FD}"
EndProject
Project("{FAE04EC0-301F-11D3-BF4B-00C04F79EFBC}") = "Core", "Core\Core.csproj", "{C0DB787A-2F25-449A-9F57-DE05273286E6}"
EndProject
Project("{FAE04EC0-301F-11D3-BF4B-00C04F79EFBC}") = "Infrastructure", "Infrastructure\Infrastructure.csproj", "{54D91463-9A39-4E77-A059-67C9B968D0BF}"
EndProject
Project("{FAE04EC0-301F-11D3-BF4B-00C04F79EFBC}") = "Core.Test", "Core.Test\Core.Test.csproj", "{5B43157F-5B9B-4EB0-B111-24B5E96C68F1}"
EndProject
Global
	GlobalSection(SolutionConfigurationPlatforms) = preSolution
		Debug|Any CPU = Debug|Any CPU
		Release|Any CPU = Release|Any CPU
	EndGlobalSection
	GlobalSection(SolutionProperties) = preSolution
		HideSolutionNode = FALSE
	EndGlobalSection
	GlobalSection(ProjectConfigurationPlatforms) = postSolution
		{760B4A62-82A5-4B3F-8C5F-45E2F40C69FD}.Debug|Any CPU.ActiveCfg = Debug|Any CPU
		{760B4A62-82A5-4B3F-8C5F-45E2F40C69FD}.Debug|Any CPU.Build.0 = Debug|Any CPU
		{760B4A62-82A5-4B3F-8C5F-45E2F40C69FD}.Release|Any CPU.ActiveCfg = Release|Any CPU
		{760B4A62-82A5-4B3F-8C5F-45E2F40C69FD}.Release|Any CPU.Build.0 = Release|Any CPU
		{C0DB787A-2F25-449A-9F57-DE05273286E6}.Debug|Any CPU.ActiveCfg = Debug|Any CPU
		{C0DB787A-2F25-449A-9F57-DE05273286E6}.Debug|Any CPU.Build.0 = Debug|Any CPU
		{C0DB787A-2F25-449A-9F57-DE05273286E6}.Release|Any CPU.ActiveCfg = Release|Any CPU
		{C0DB787A-2F25-449A-9F57-DE05273286E6}.Release|Any CPU.Build.0 = Release|Any CPU
		{54D91463-9A39-4E77-A059-67C9B968D0BF}.Debug|Any CPU.ActiveCfg = Debug|Any CPU
		{54D91463-9A39-4E77-A059-67C9B968D0BF}.Debug|Any CPU.Build.0 = Debug|Any CPU
		{54D91463-9A39-4E77-A059-67C9B968D0BF}.Release|Any CPU.ActiveCfg = Release|Any CPU
		{54D91463-9A39-4E77-A059-67C9B968D0BF}.Release|Any CPU.Build.0 = Release|Any CPU
		{5B43157F-5B9B-4EB0-B111-24B5E96C68F1}.Debug|Any CPU.ActiveCfg = Debug|Any CPU
		{5B43157F-5B9B-4EB0-B111-24B5E96C68F1}.Debug|Any CPU.Build.0 = Debug|Any CPU
		{5B43157F-5B9B-4EB0-B111-24B5E96C68F1}.Release|Any CPU.ActiveCfg = Release|Any CPU
		{5B43157F-5B9B-4EB0-B111-24B5E96C68F1}.Release|Any CPU.Build.0 = Release|Any CPU
	EndGlobalSection
EndGlobal
